
Microsoft Visual Studio Solution File, Format Version 12.00
# Visual Studio 15
VisualStudioVersion = 15.0.26124.0
MinimumVisualStudioVersion = 15.0.26124.0
Project("{FAE04EC0-301F-11D3-BF4B-00C04F79EFBC}") = "dark-place-game", "dark-place-game\dark-place-game.csproj", "{B774AB41-32CA-446E-8B38-93B9DB4E9424}"
EndProject
Project("{FAE04EC0-301F-11D3-BF4B-00C04F79EFBC}") = "dark-place-game.tests", "dark-place-game.tests\dark-place-game.tests.csproj", "{8EC96839-17FB-47A9-8A0C-E6E2472C2BB1}"
EndProject
Global
	GlobalSection(SolutionConfigurationPlatforms) = preSolution
		Debug|Any CPU = Debug|Any CPU
		Debug|x64 = Debug|x64
		Debug|x86 = Debug|x86
		Release|Any CPU = Release|Any CPU
		Release|x64 = Release|x64
		Release|x86 = Release|x86
	EndGlobalSection
	GlobalSection(SolutionProperties) = preSolution
		HideSolutionNode = FALSE
	EndGlobalSection
	GlobalSection(ProjectConfigurationPlatforms) = postSolution
		{B774AB41-32CA-446E-8B38-93B9DB4E9424}.Debug|Any CPU.ActiveCfg = Debug|Any CPU
		{B774AB41-32CA-446E-8B38-93B9DB4E9424}.Debug|Any CPU.Build.0 = Debug|Any CPU
		{B774AB41-32CA-446E-8B38-93B9DB4E9424}.Debug|x64.ActiveCfg = Debug|Any CPU
		{B774AB41-32CA-446E-8B38-93B9DB4E9424}.Debug|x64.Build.0 = Debug|Any CPU
		{B774AB41-32CA-446E-8B38-93B9DB4E9424}.Debug|x86.ActiveCfg = Debug|Any CPU
		{B774AB41-32CA-446E-8B38-93B9DB4E9424}.Debug|x86.Build.0 = Debug|Any CPU
		{B774AB41-32CA-446E-8B38-93B9DB4E9424}.Release|Any CPU.ActiveCfg = Release|Any CPU
		{B774AB41-32CA-446E-8B38-93B9DB4E9424}.Release|Any CPU.Build.0 = Release|Any CPU
		{B774AB41-32CA-446E-8B38-93B9DB4E9424}.Release|x64.ActiveCfg = Release|Any CPU
		{B774AB41-32CA-446E-8B38-93B9DB4E9424}.Release|x64.Build.0 = Release|Any CPU
		{B774AB41-32CA-446E-8B38-93B9DB4E9424}.Release|x86.ActiveCfg = Release|Any CPU
		{B774AB41-32CA-446E-8B38-93B9DB4E9424}.Release|x86.Build.0 = Release|Any CPU
		{8EC96839-17FB-47A9-8A0C-E6E2472C2BB1}.Debug|Any CPU.ActiveCfg = Debug|Any CPU
		{8EC96839-17FB-47A9-8A0C-E6E2472C2BB1}.Debug|Any CPU.Build.0 = Debug|Any CPU
		{8EC96839-17FB-47A9-8A0C-E6E2472C2BB1}.Debug|x64.ActiveCfg = Debug|Any CPU
		{8EC96839-17FB-47A9-8A0C-E6E2472C2BB1}.Debug|x64.Build.0 = Debug|Any CPU
		{8EC96839-17FB-47A9-8A0C-E6E2472C2BB1}.Debug|x86.ActiveCfg = Debug|Any CPU
		{8EC96839-17FB-47A9-8A0C-E6E2472C2BB1}.Debug|x86.Build.0 = Debug|Any CPU
		{8EC96839-17FB-47A9-8A0C-E6E2472C2BB1}.Release|Any CPU.ActiveCfg = Release|Any CPU
		{8EC96839-17FB-47A9-8A0C-E6E2472C2BB1}.Release|Any CPU.Build.0 = Release|Any CPU
		{8EC96839-17FB-47A9-8A0C-E6E2472C2BB1}.Release|x64.ActiveCfg = Release|Any CPU
		{8EC96839-17FB-47A9-8A0C-E6E2472C2BB1}.Release|x64.Build.0 = Release|Any CPU
		{8EC96839-17FB-47A9-8A0C-E6E2472C2BB1}.Release|x86.ActiveCfg = Release|Any CPU
		{8EC96839-17FB-47A9-8A0C-E6E2472C2BB1}.Release|x86.Build.0 = Release|Any CPU
	EndGlobalSection
EndGlobal
